<?xml version="1.0" encoding="UTF-8" standalone="yes" ?>
<CodeBlocks_project_file>
	<FileVersion major="1" minor="6" />
	<Project>
		<Option title="VLE" />
		<Option pch_mode="2" />
		<Option compiler="gcc" />
		<Build>
			<Target title="Debug">
				<Option output="bin/Debug/VLE" prefix_auto="1" extension_auto="1" />
				<Option object_output="obj/Debug/" />
				<Option type="1" />
				<Option compiler="gcc" />
				<Compiler>
					<Add option="-g" />
				</Compiler>
			</Target>
			<Target title="Release">
				<Option output="bin/Release/VLE" prefix_auto="1" extension_auto="1" />
				<Option object_output="obj/Release/" />
				<Option type="1" />
				<Option compiler="gcc" />
				<Compiler>
					<Add option="-O2" />
				</Compiler>
				<Linker>
					<Add option="-s" />
				</Linker>
			</Target>
		</Build>
		<Compiler>
			<Add option="-Wall" />
			<Add option="-fexceptions" />
			<Add directory="C:/UFRJ/ATOMS/Eigen/eigen-eigen-07105f7124f9" />
		</Compiler>
		<ResourceCompiler>
			<Add directory="C:/UFRJ/ATOMS/Eigen/eigen-eigen-07105f7124f9" />
		</ResourceCompiler>
		<Linker>
			<Add directory="C:/UFRJ/ATOMS/Eigen/eigen-eigen-07105f7124f9" />
		</Linker>
		<Unit filename="../Código Fonte/Association.h" />
		<Unit filename="../Código Fonte/EdE.h" />
		<Unit filename="../Código Fonte/Gibbs.h" />
		<Unit filename="../Código Fonte/MSA.h" />
		<Unit filename="../Código Fonte/Numeric.h" />
		<Unit filename="../Código Fonte/Renormalization.h" />
		<Unit filename="../Código Fonte/VLE_multicomponente_phi_phi.cpp" />
		<Unit filename="../Código Fonte/bicubic.h" />
		<Unit filename="../Código Fonte/envelope.h" />
		<Unit filename="../Código Fonte/interpolation_util.h" />
		<Unit filename="../Código Fonte/mixingrules.h" />
		<Unit filename="../Código Fonte/numerical.h" />
		<Unit filename="../Planilhas de análise/csv.h" />
		<Extensions>
			<code_completion>
				<search_path add="..\..\Eigen" />
			</code_completion>
			<envvars />
			<debugger>
				<search_path add="..\..\Eigen" />
			</debugger>
			<lib_finder disable_auto="1" />
		</Extensions>
	</Project>
</CodeBlocks_project_file>
